
Microsoft Visual Studio Solution File, Format Version 12.00
# Visual Studio Version 17
VisualStudioVersion = 17.13.35825.156
MinimumVisualStudioVersion = 10.0.40219.1
Project("{FAE04EC0-301F-11D3-BF4B-00C04F79EFBC}") = "PKHexA", "PKHexA.csproj", "{AD3AB61B-69E2-480F-B787-B904B09ACFBC}"
EndProject
Project("{FAE04EC0-301F-11D3-BF4B-00C04F79EFBC}") = "PKHeX.Core", "PKHeX.Core\PKHeX.Core.csproj", "{FFCBF994-6A4A-70A4-1A71-BC9A50B165CA}"
EndProject
Global
	GlobalSection(SolutionConfigurationPlatforms) = preSolution
		Debug|Any CPU = Debug|Any CPU
		Release|Any CPU = Release|Any CPU
	EndGlobalSection
	GlobalSection(ProjectConfigurationPlatforms) = postSolution
		{AD3AB61B-69E2-480F-B787-B904B09ACFBC}.Debug|Any CPU.ActiveCfg = Debug|Any CPU
		{AD3AB61B-69E2-480F-B787-B904B09ACFBC}.Debug|Any CPU.Build.0 = Debug|Any CPU
		{AD3AB61B-69E2-480F-B787-B904B09ACFBC}.Debug|Any CPU.Deploy.0 = Debug|Any CPU
		{AD3AB61B-69E2-480F-B787-B904B09ACFBC}.Release|Any CPU.ActiveCfg = Release|Any CPU
		{AD3AB61B-69E2-480F-B787-B904B09ACFBC}.Release|Any CPU.Build.0 = Release|Any CPU
		{AD3AB61B-69E2-480F-B787-B904B09ACFBC}.Release|Any CPU.Deploy.0 = Release|Any CPU
		{FFCBF994-6A4A-70A4-1A71-BC9A50B165CA}.Debug|Any CPU.ActiveCfg = Debug|Any CPU
		{FFCBF994-6A4A-70A4-1A71-BC9A50B165CA}.Debug|Any CPU.Build.0 = Debug|Any CPU
		{FFCBF994-6A4A-70A4-1A71-BC9A50B165CA}.Release|Any CPU.ActiveCfg = Release|Any CPU
		{FFCBF994-6A4A-70A4-1A71-BC9A50B165CA}.Release|Any CPU.Build.0 = Release|Any CPU
	EndGlobalSection
	GlobalSection(SolutionProperties) = preSolution
		HideSolutionNode = FALSE
	EndGlobalSection
	GlobalSection(ExtensibilityGlobals) = postSolution
		SolutionGuid = {18445475-824B-41BF-9D9A-2A259292A3BE}
	EndGlobalSection
EndGlobal
